{
  "name": "test-renovate",
  "version": "1.0.0",
  "lockfileVersion": 2,
  "requires": true,
  "packages": {
    "": {
      "name": "test-renovate",
      "version": "1.0.0",
      "license": "ISC",
      "dependencies": {
        "@types/node": "16.18.11"
      },
      "engines": {
        "node": "16.19.0"
      }
    },
    "node_modules/@types/node": {
      "version": "16.18.11",
      "resolved": "https://registry.npmjs.org/@types/node/-/node-16.18.11.tgz",
      "integrity": "sha512-3oJbGBUWuS6ahSnEq1eN2XrCyf4YsWI8OyCvo7c64zQJNplk3mO84t53o8lfTk+2ji59g5ycfc6qQ3fdHliHuA=="
    }
  },
  "dependencies": {
    "@types/node": {
      "version": "16.18.11",
      "resolved": "https://registry.npmjs.org/@types/node/-/node-16.18.11.tgz",
      "integrity": "sha512-3oJbGBUWuS6ahSnEq1eN2XrCyf4YsWI8OyCvo7c64zQJNplk3mO84t53o8lfTk+2ji59g5ycfc6qQ3fdHliHuA=="
    }
  }
}
